
Microsoft Visual Studio Solution File, Format Version 12.00
# Visual Studio Version 17
VisualStudioVersion = 17.5.002.0
MinimumVisualStudioVersion = 10.0.40219.1
Project("{2150E333-8FDC-42A3-9474-1A3956D46DE8}") = "csharp-prep", "csharp-prep", "{5674E333-3420-4A14-93A8-EDC2F6C4E620}"
EndProject
Project("{9A19103F-16F7-4668-BE54-9A1E7A4F7556}") = "Prep1", "csharp-prep\Prep1\Prep1.csproj", "{DFF1EB79-EF34-4AB5-B27D-CFD370688DDA}"
EndProject
Project("{9A19103F-16F7-4668-BE54-9A1E7A4F7556}") = "Prep2", "csharp-prep\Prep2\Prep2.csproj", "{8A7C5F77-40DC-4B21-A247-10D549F3E4A4}"
EndProject
Project("{9A19103F-16F7-4668-BE54-9A1E7A4F7556}") = "Prep3", "csharp-prep\Prep3\Prep3.csproj", "{37D16A97-7506-4EFB-ACDE-338A2E42EFB2}"
EndProject
Project("{9A19103F-16F7-4668-BE54-9A1E7A4F7556}") = "Prep4", "csharp-prep\Prep4\Prep4.csproj", "{75A55E05-1EA4-4073-A8E8-48CEEFF6A067}"
EndProject
Project("{9A19103F-16F7-4668-BE54-9A1E7A4F7556}") = "Prep5", "csharp-prep\Prep5\Prep5.csproj", "{78A9FD59-61FF-43A9-8C04-6A24E5E79374}"
EndProject
Project("{2150E333-8FDC-42A3-9474-1A3956D46DE8}") = "final", "final", "{CD808136-F8CE-420D-A170-C181173B12AD}"
EndProject
Project("{9A19103F-16F7-4668-BE54-9A1E7A4F7556}") = "FinalProject", "final\FinalProject\FinalProject.csproj", "{043DD94A-269A-46F5-8FE7-5DBCF04F841F}"
EndProject
Project("{9A19103F-16F7-4668-BE54-9A1E7A4F7556}") = "Foundation1", "final\Foundation1\Foundation1.csproj", "{B4E6C47E-851B-4988-B613-97484F13DF7A}"
EndProject
Project("{9A19103F-16F7-4668-BE54-9A1E7A4F7556}") = "Foundation2", "final\Foundation2\Foundation2.csproj", "{34D4BAD3-5932-43D0-BADE-48E1388D90D7}"
EndProject
Project("{9A19103F-16F7-4668-BE54-9A1E7A4F7556}") = "Foundation3", "final\Foundation3\Foundation3.csproj", "{3736035D-6095-44F6-BEF4-3DA9D0D613A2}"
EndProject
Project("{9A19103F-16F7-4668-BE54-9A1E7A4F7556}") = "Foundation4", "final\Foundation4\Foundation4.csproj", "{1FDF0377-6455-48DA-BE6A-C42D0DB28D0F}"
EndProject
Project("{2150E333-8FDC-42A3-9474-1A3956D46DE8}") = "prepare", "prepare", "{6BED8D4F-FCF6-4509-B7BD-CF0A88003D32}"
EndProject
Project("{9A19103F-16F7-4668-BE54-9A1E7A4F7556}") = "Learning02", "prepare\Learning02\Learning02.csproj", "{A353D466-8EB6-4E34-8C61-D8C99B84B447}"
EndProject
Project("{9A19103F-16F7-4668-BE54-9A1E7A4F7556}") = "Learning03", "prepare\Learning03\Learning03.csproj", "{C0906E07-4DF9-4284-A80A-8891CC499BF1}"
EndProject
Project("{9A19103F-16F7-4668-BE54-9A1E7A4F7556}") = "Learning04", "prepare\Learning04\Learning04.csproj", "{30E425BE-CF3F-4832-A026-44479F8A9EAC}"
EndProject
Project("{9A19103F-16F7-4668-BE54-9A1E7A4F7556}") = "Learning05", "prepare\Learning05\Learning05.csproj", "{F6474314-EF5C-42F6-A502-77F4711F99B2}"
EndProject
Project("{2150E333-8FDC-42A3-9474-1A3956D46DE8}") = "prove", "prove", "{938070BC-B786-4681-AE16-6C4C57022137}"
EndProject
Project("{9A19103F-16F7-4668-BE54-9A1E7A4F7556}") = "Develop02", "prove\Develop02\Develop02.csproj", "{2EF2EF84-95AB-4784-BBCA-1401AA9A3144}"
EndProject
Project("{9A19103F-16F7-4668-BE54-9A1E7A4F7556}") = "Develop03", "prove\Develop03\Develop03.csproj", "{25A647A5-5951-4FD0-8CC9-E61EC7D9D600}"
EndProject
Project("{9A19103F-16F7-4668-BE54-9A1E7A4F7556}") = "Develop04", "prove\Develop04\Develop04.csproj", "{C8F2433B-BD34-462C-8CC1-F3AF59FFBAAC}"
EndProject
Project("{9A19103F-16F7-4668-BE54-9A1E7A4F7556}") = "Develop05", "prove\Develop05\Develop05.csproj", "{49377DA9-A755-409F-88A3-F4AF2CF733EA}"
EndProject
Project("{2150E333-8FDC-42A3-9474-1A3956D46DE8}") = "sandbox", "sandbox", "{E94A8A15-5C40-446A-A474-9DB7DF352078}"
EndProject
Project("{9A19103F-16F7-4668-BE54-9A1E7A4F7556}") = "Sandbox", "sandbox\Sandbox\Sandbox.csproj", "{4B2B03CF-B167-4660-87F1-8237435DA501}"
EndProject
Global
	GlobalSection(SolutionConfigurationPlatforms) = preSolution
		Debug|Any CPU = Debug|Any CPU
		Release|Any CPU = Release|Any CPU
	EndGlobalSection
	GlobalSection(ProjectConfigurationPlatforms) = postSolution
		{DFF1EB79-EF34-4AB5-B27D-CFD370688DDA}.Debug|Any CPU.ActiveCfg = Debug|Any CPU
		{DFF1EB79-EF34-4AB5-B27D-CFD370688DDA}.Debug|Any CPU.Build.0 = Debug|Any CPU
		{DFF1EB79-EF34-4AB5-B27D-CFD370688DDA}.Release|Any CPU.ActiveCfg = Release|Any CPU
		{DFF1EB79-EF34-4AB5-B27D-CFD370688DDA}.Release|Any CPU.Build.0 = Release|Any CPU
		{8A7C5F77-40DC-4B21-A247-10D549F3E4A4}.Debug|Any CPU.ActiveCfg = Debug|Any CPU
		{8A7C5F77-40DC-4B21-A247-10D549F3E4A4}.Debug|Any CPU.Build.0 = Debug|Any CPU
		{8A7C5F77-40DC-4B21-A247-10D549F3E4A4}.Release|Any CPU.ActiveCfg = Release|Any CPU
		{8A7C5F77-40DC-4B21-A247-10D549F3E4A4}.Release|Any CPU.Build.0 = Release|Any CPU
		{37D16A97-7506-4EFB-ACDE-338A2E42EFB2}.Debug|Any CPU.ActiveCfg = Debug|Any CPU
		{37D16A97-7506-4EFB-ACDE-338A2E42EFB2}.Debug|Any CPU.Build.0 = Debug|Any CPU
		{37D16A97-7506-4EFB-ACDE-338A2E42EFB2}.Release|Any CPU.ActiveCfg = Release|Any CPU
		{37D16A97-7506-4EFB-ACDE-338A2E42EFB2}.Release|Any CPU.Build.0 = Release|Any CPU
		{75A55E05-1EA4-4073-A8E8-48CEEFF6A067}.Debug|Any CPU.ActiveCfg = Debug|Any CPU
		{75A55E05-1EA4-4073-A8E8-48CEEFF6A067}.Debug|Any CPU.Build.0 = Debug|Any CPU
		{75A55E05-1EA4-4073-A8E8-48CEEFF6A067}.Release|Any CPU.ActiveCfg = Release|Any CPU
		{75A55E05-1EA4-4073-A8E8-48CEEFF6A067}.Release|Any CPU.Build.0 = Release|Any CPU
		{78A9FD59-61FF-43A9-8C04-6A24E5E79374}.Debug|Any CPU.ActiveCfg = Debug|Any CPU
		{78A9FD59-61FF-43A9-8C04-6A24E5E79374}.Debug|Any CPU.Build.0 = Debug|Any CPU
		{78A9FD59-61FF-43A9-8C04-6A24E5E79374}.Release|Any CPU.ActiveCfg = Release|Any CPU
		{78A9FD59-61FF-43A9-8C04-6A24E5E79374}.Release|Any CPU.Build.0 = Release|Any CPU
		{043DD94A-269A-46F5-8FE7-5DBCF04F841F}.Debug|Any CPU.ActiveCfg = Debug|Any CPU
		{043DD94A-269A-46F5-8FE7-5DBCF04F841F}.Debug|Any CPU.Build.0 = Debug|Any CPU
		{043DD94A-269A-46F5-8FE7-5DBCF04F841F}.Release|Any CPU.ActiveCfg = Release|Any CPU
		{043DD94A-269A-46F5-8FE7-5DBCF04F841F}.Release|Any CPU.Build.0 = Release|Any CPU
		{B4E6C47E-851B-4988-B613-97484F13DF7A}.Debug|Any CPU.ActiveCfg = Debug|Any CPU
		{B4E6C47E-851B-4988-B613-97484F13DF7A}.Debug|Any CPU.Build.0 = Debug|Any CPU
		{B4E6C47E-851B-4988-B613-97484F13DF7A}.Release|Any CPU.ActiveCfg = Release|Any CPU
		{B4E6C47E-851B-4988-B613-97484F13DF7A}.Release|Any CPU.Build.0 = Release|Any CPU
		{34D4BAD3-5932-43D0-BADE-48E1388D90D7}.Debug|Any CPU.ActiveCfg = Debug|Any CPU
		{34D4BAD3-5932-43D0-BADE-48E1388D90D7}.Debug|Any CPU.Build.0 = Debug|Any CPU
		{34D4BAD3-5932-43D0-BADE-48E1388D90D7}.Release|Any CPU.ActiveCfg = Release|Any CPU
		{34D4BAD3-5932-43D0-BADE-48E1388D90D7}.Release|Any CPU.Build.0 = Release|Any CPU
		{3736035D-6095-44F6-BEF4-3DA9D0D613A2}.Debug|Any CPU.ActiveCfg = Debug|Any CPU
		{3736035D-6095-44F6-BEF4-3DA9D0D613A2}.Debug|Any CPU.Build.0 = Debug|Any CPU
		{3736035D-6095-44F6-BEF4-3DA9D0D613A2}.Release|Any CPU.ActiveCfg = Release|Any CPU
		{3736035D-6095-44F6-BEF4-3DA9D0D613A2}.Release|Any CPU.Build.0 = Release|Any CPU
		{1FDF0377-6455-48DA-BE6A-C42D0DB28D0F}.Debug|Any CPU.ActiveCfg = Debug|Any CPU
		{1FDF0377-6455-48DA-BE6A-C42D0DB28D0F}.Debug|Any CPU.Build.0 = Debug|Any CPU
		{1FDF0377-6455-48DA-BE6A-C42D0DB28D0F}.Release|Any CPU.ActiveCfg = Release|Any CPU
		{1FDF0377-6455-48DA-BE6A-C42D0DB28D0F}.Release|Any CPU.Build.0 = Release|Any CPU
		{A353D466-8EB6-4E34-8C61-D8C99B84B447}.Debug|Any CPU.ActiveCfg = Debug|Any CPU
		{A353D466-8EB6-4E34-8C61-D8C99B84B447}.Debug|Any CPU.Build.0 = Debug|Any CPU
		{A353D466-8EB6-4E34-8C61-D8C99B84B447}.Release|Any CPU.ActiveCfg = Release|Any CPU
		{A353D466-8EB6-4E34-8C61-D8C99B84B447}.Release|Any CPU.Build.0 = Release|Any CPU
		{C0906E07-4DF9-4284-A80A-8891CC499BF1}.Debug|Any CPU.ActiveCfg = Debug|Any CPU
		{C0906E07-4DF9-4284-A80A-8891CC499BF1}.Debug|Any CPU.Build.0 = Debug|Any CPU
		{C0906E07-4DF9-4284-A80A-8891CC499BF1}.Release|Any CPU.ActiveCfg = Release|Any CPU
		{C0906E07-4DF9-4284-A80A-8891CC499BF1}.Release|Any CPU.Build.0 = Release|Any CPU
		{30E425BE-CF3F-4832-A026-44479F8A9EAC}.Debug|Any CPU.ActiveCfg = Debug|Any CPU
		{30E425BE-CF3F-4832-A026-44479F8A9EAC}.Debug|Any CPU.Build.0 = Debug|Any CPU
		{30E425BE-CF3F-4832-A026-44479F8A9EAC}.Release|Any CPU.ActiveCfg = Release|Any CPU
		{30E425BE-CF3F-4832-A026-44479F8A9EAC}.Release|Any CPU.Build.0 = Release|Any CPU
		{F6474314-EF5C-42F6-A502-77F4711F99B2}.Debug|Any CPU.ActiveCfg = Debug|Any CPU
		{F6474314-EF5C-42F6-A502-77F4711F99B2}.Debug|Any CPU.Build.0 = Debug|Any CPU
		{F6474314-EF5C-42F6-A502-77F4711F99B2}.Release|Any CPU.ActiveCfg = Release|Any CPU
		{F6474314-EF5C-42F6-A502-77F4711F99B2}.Release|Any CPU.Build.0 = Release|Any CPU
		{2EF2EF84-95AB-4784-BBCA-1401AA9A3144}.Debug|Any CPU.ActiveCfg = Debug|Any CPU
		{2EF2EF84-95AB-4784-BBCA-1401AA9A3144}.Debug|Any CPU.Build.0 = Debug|Any CPU
		{2EF2EF84-95AB-4784-BBCA-1401AA9A3144}.Release|Any CPU.ActiveCfg = Release|Any CPU
		{2EF2EF84-95AB-4784-BBCA-1401AA9A3144}.Release|Any CPU.Build.0 = Release|Any CPU
		{25A647A5-5951-4FD0-8CC9-E61EC7D9D600}.Debug|Any CPU.ActiveCfg = Debug|Any CPU
		{25A647A5-5951-4FD0-8CC9-E61EC7D9D600}.Debug|Any CPU.Build.0 = Debug|Any CPU
		{25A647A5-5951-4FD0-8CC9-E61EC7D9D600}.Release|Any CPU.ActiveCfg = Release|Any CPU
		{25A647A5-5951-4FD0-8CC9-E61EC7D9D600}.Release|Any CPU.Build.0 = Release|Any CPU
		{C8F2433B-BD34-462C-8CC1-F3AF59FFBAAC}.Debug|Any CPU.ActiveCfg = Debug|Any CPU
		{C8F2433B-BD34-462C-8CC1-F3AF59FFBAAC}.Debug|Any CPU.Build.0 = Debug|Any CPU
		{C8F2433B-BD34-462C-8CC1-F3AF59FFBAAC}.Release|Any CPU.ActiveCfg = Release|Any CPU
		{C8F2433B-BD34-462C-8CC1-F3AF59FFBAAC}.Release|Any CPU.Build.0 = Release|Any CPU
		{49377DA9-A755-409F-88A3-F4AF2CF733EA}.Debug|Any CPU.ActiveCfg = Debug|Any CPU
		{49377DA9-A755-409F-88A3-F4AF2CF733EA}.Debug|Any CPU.Build.0 = Debug|Any CPU
		{49377DA9-A755-409F-88A3-F4AF2CF733EA}.Release|Any CPU.ActiveCfg = Release|Any CPU
		{49377DA9-A755-409F-88A3-F4AF2CF733EA}.Release|Any CPU.Build.0 = Release|Any CPU
		{4B2B03CF-B167-4660-87F1-8237435DA501}.Debug|Any CPU.ActiveCfg = Debug|Any CPU
		{4B2B03CF-B167-4660-87F1-8237435DA501}.Debug|Any CPU.Build.0 = Debug|Any CPU
		{4B2B03CF-B167-4660-87F1-8237435DA501}.Release|Any CPU.ActiveCfg = Release|Any CPU
		{4B2B03CF-B167-4660-87F1-8237435DA501}.Release|Any CPU.Build.0 = Release|Any CPU
	EndGlobalSection
	GlobalSection(SolutionProperties) = preSolution
		HideSolutionNode = FALSE
	EndGlobalSection
	GlobalSection(NestedProjects) = preSolution
		{DFF1EB79-EF34-4AB5-B27D-CFD370688DDA} = {5674E333-3420-4A14-93A8-EDC2F6C4E620}
		{8A7C5F77-40DC-4B21-A247-10D549F3E4A4} = {5674E333-3420-4A14-93A8-EDC2F6C4E620}
		{37D16A97-7506-4EFB-ACDE-338A2E42EFB2} = {5674E333-3420-4A14-93A8-EDC2F6C4E620}
		{75A55E05-1EA4-4073-A8E8-48CEEFF6A067} = {5674E333-3420-4A14-93A8-EDC2F6C4E620}
		{78A9FD59-61FF-43A9-8C04-6A24E5E79374} = {5674E333-3420-4A14-93A8-EDC2F6C4E620}
		{043DD94A-269A-46F5-8FE7-5DBCF04F841F} = {CD808136-F8CE-420D-A170-C181173B12AD}
		{B4E6C47E-851B-4988-B613-97484F13DF7A} = {CD808136-F8CE-420D-A170-C181173B12AD}
		{34D4BAD3-5932-43D0-BADE-48E1388D90D7} = {CD808136-F8CE-420D-A170-C181173B12AD}
		{3736035D-6095-44F6-BEF4-3DA9D0D613A2} = {CD808136-F8CE-420D-A170-C181173B12AD}
		{1FDF0377-6455-48DA-BE6A-C42D0DB28D0F} = {CD808136-F8CE-420D-A170-C181173B12AD}
		{A353D466-8EB6-4E34-8C61-D8C99B84B447} = {6BED8D4F-FCF6-4509-B7BD-CF0A88003D32}
		{C0906E07-4DF9-4284-A80A-8891CC499BF1} = {6BED8D4F-FCF6-4509-B7BD-CF0A88003D32}
		{30E425BE-CF3F-4832-A026-44479F8A9EAC} = {6BED8D4F-FCF6-4509-B7BD-CF0A88003D32}
		{F6474314-EF5C-42F6-A502-77F4711F99B2} = {6BED8D4F-FCF6-4509-B7BD-CF0A88003D32}
		{2EF2EF84-95AB-4784-BBCA-1401AA9A3144} = {938070BC-B786-4681-AE16-6C4C57022137}
		{25A647A5-5951-4FD0-8CC9-E61EC7D9D600} = {938070BC-B786-4681-AE16-6C4C57022137}
		{C8F2433B-BD34-462C-8CC1-F3AF59FFBAAC} = {938070BC-B786-4681-AE16-6C4C57022137}
		{49377DA9-A755-409F-88A3-F4AF2CF733EA} = {938070BC-B786-4681-AE16-6C4C57022137}
		{4B2B03CF-B167-4660-87F1-8237435DA501} = {E94A8A15-5C40-446A-A474-9DB7DF352078}
	EndGlobalSection
	GlobalSection(ExtensibilityGlobals) = postSolution
		SolutionGuid = {0DBD0A9F-51BC-4E79-941C-A8E045FF027E}
	EndGlobalSection
EndGlobal
